
Microsoft Visual Studio Solution File, Format Version 12.00
# Visual Studio Version 16
VisualStudioVersion = 16.0.31025.194
MinimumVisualStudioVersion = 10.0.40219.1
Project("{FAE04EC0-301F-11D3-BF4B-00C04F79EFBC}") = "VetAptekaMurzik", "VetAptekaMurzik\VetAptekaMurzik.csproj", "{43941071-D628-4312-8EB5-6168C60202D3}"
EndProject
Project("{FAE04EC0-301F-11D3-BF4B-00C04F79EFBC}") = "ClassLibraryTest", "ClassLibraryTest\ClassLibraryTest.csproj", "{9F986373-5A1E-4F47-9ED1-695B8FF390A3}"
EndProject
Project("{FAE04EC0-301F-11D3-BF4B-00C04F79EFBC}") = "ClassLibraryTestTests", "ClassLibraryTestTests\ClassLibraryTestTests.csproj", "{1984AA83-723B-4308-B174-D4F8A86FA1A4}"
EndProject
Global
	GlobalSection(SolutionConfigurationPlatforms) = preSolution
		Debug|Any CPU = Debug|Any CPU
		Release|Any CPU = Release|Any CPU
	EndGlobalSection
	GlobalSection(ProjectConfigurationPlatforms) = postSolution
		{43941071-D628-4312-8EB5-6168C60202D3}.Debug|Any CPU.ActiveCfg = Debug|Any CPU
		{43941071-D628-4312-8EB5-6168C60202D3}.Debug|Any CPU.Build.0 = Debug|Any CPU
		{43941071-D628-4312-8EB5-6168C60202D3}.Release|Any CPU.ActiveCfg = Release|Any CPU
		{43941071-D628-4312-8EB5-6168C60202D3}.Release|Any CPU.Build.0 = Release|Any CPU
		{9F986373-5A1E-4F47-9ED1-695B8FF390A3}.Debug|Any CPU.ActiveCfg = Debug|Any CPU
		{9F986373-5A1E-4F47-9ED1-695B8FF390A3}.Debug|Any CPU.Build.0 = Debug|Any CPU
		{9F986373-5A1E-4F47-9ED1-695B8FF390A3}.Release|Any CPU.ActiveCfg = Release|Any CPU
		{9F986373-5A1E-4F47-9ED1-695B8FF390A3}.Release|Any CPU.Build.0 = Release|Any CPU
		{1984AA83-723B-4308-B174-D4F8A86FA1A4}.Debug|Any CPU.ActiveCfg = Debug|Any CPU
		{1984AA83-723B-4308-B174-D4F8A86FA1A4}.Debug|Any CPU.Build.0 = Debug|Any CPU
		{1984AA83-723B-4308-B174-D4F8A86FA1A4}.Release|Any CPU.ActiveCfg = Release|Any CPU
		{1984AA83-723B-4308-B174-D4F8A86FA1A4}.Release|Any CPU.Build.0 = Release|Any CPU
	EndGlobalSection
	GlobalSection(SolutionProperties) = preSolution
		HideSolutionNode = FALSE
	EndGlobalSection
	GlobalSection(ExtensibilityGlobals) = postSolution
		SolutionGuid = {7D423A9C-8C2F-4DCF-8A55-40B92E147952}
	EndGlobalSection
EndGlobal
